// !$*UTF8*$!
{
	archiveVersion = 1;
	classes = {
	};
	objectVersion = 46;
	objects = {

/* Begin PBXBuildFile section */
		1BFFF77C450DCCDBC237C7B0 /* libPods-Obihiro.a in Frameworks */ = {isa = PBXBuildFile; fileRef = B2E62A1DF2F9C8D01F747887 /* libPods-Obihiro.a */; };
		AB6757F11C4EF15A0006EB9E /* Obihiro.h in Headers */ = {isa = PBXBuildFile; fileRef = AB6757F01C4EF15A0006EB9E /* Obihiro.h */; settings = {ATTRIBUTES = (Public, ); }; };
		AB6757F81C4EF15B0006EB9E /* Obihiro.framework in Frameworks */ = {isa = PBXBuildFile; fileRef = AB6757ED1C4EF15A0006EB9E /* Obihiro.framework */; };
		AB6757FD1C4EF15B0006EB9E /* ObihiroTests.m in Sources */ = {isa = PBXBuildFile; fileRef = AB6757FC1C4EF15B0006EB9E /* ObihiroTests.m */; };
		AB6758091C4EF1690006EB9E /* OBHViewControllerObject.h in Headers */ = {isa = PBXBuildFile; fileRef = AB6758071C4EF1690006EB9E /* OBHViewControllerObject.h */; settings = {ATTRIBUTES = (Public, ); }; };
		AB67580A1C4EF1690006EB9E /* OBHViewControllerObject.m in Sources */ = {isa = PBXBuildFile; fileRef = AB6758081C4EF1690006EB9E /* OBHViewControllerObject.m */; };
		AB67580D1C4EF5DA0006EB9E /* UIViewController+OBH.h in Headers */ = {isa = PBXBuildFile; fileRef = AB67580B1C4EF5DA0006EB9E /* UIViewController+OBH.h */; };
		AB67580E1C4EF5DA0006EB9E /* UIViewController+OBH.m in Sources */ = {isa = PBXBuildFile; fileRef = AB67580C1C4EF5DA0006EB9E /* UIViewController+OBH.m */; };
		AB6758111C4EF8900006EB9E /* OBHViewControllerObjectRef.h in Headers */ = {isa = PBXBuildFile; fileRef = AB67580F1C4EF8900006EB9E /* OBHViewControllerObjectRef.h */; };
		AB6758121C4EF8900006EB9E /* OBHViewControllerObjectRef.m in Sources */ = {isa = PBXBuildFile; fileRef = AB6758101C4EF8900006EB9E /* OBHViewControllerObjectRef.m */; };
		AB6758161C4F00050006EB9E /* OBHNavigationControllerObject.h in Headers */ = {isa = PBXBuildFile; fileRef = AB6758141C4F00050006EB9E /* OBHNavigationControllerObject.h */; settings = {ATTRIBUTES = (Public, ); }; };
		AB6758171C4F00050006EB9E /* OBHNavigationControllerObject.m in Sources */ = {isa = PBXBuildFile; fileRef = AB6758151C4F00050006EB9E /* OBHNavigationControllerObject.m */; };
		AB6758191C4F01CC0006EB9E /* OBHViewControllerObject+Private.h in Headers */ = {isa = PBXBuildFile; fileRef = AB6758181C4F01C80006EB9E /* OBHViewControllerObject+Private.h */; };
/* End PBXBuildFile section */

/* Begin PBXContainerItemProxy section */
		AB6757F91C4EF15B0006EB9E /* PBXContainerItemProxy */ = {
			isa = PBXContainerItemProxy;
			containerPortal = AB6757E41C4EF15A0006EB9E /* Project object */;
			proxyType = 1;
			remoteGlobalIDString = AB6757EC1C4EF15A0006EB9E;
			remoteInfo = Obihiro;
		};
/* End PBXContainerItemProxy section */

/* Begin PBXFileReference section */
		1995AAAC8310BE38323B79DA /* Pods-Obihiro.debug.xcconfig */ = {isa = PBXFileReference; includeInIndex = 1; lastKnownFileType = text.xcconfig; name = "Pods-Obihiro.debug.xcconfig"; path = "Pods/Target Support Files/Pods-Obihiro/Pods-Obihiro.debug.xcconfig"; sourceTree = "<group>"; };
		24137DE3943468A7C4732472 /* Pods-Obihiro.release.xcconfig */ = {isa = PBXFileReference; includeInIndex = 1; lastKnownFileType = text.xcconfig; name = "Pods-Obihiro.release.xcconfig"; path = "Pods/Target Support Files/Pods-Obihiro/Pods-Obihiro.release.xcconfig"; sourceTree = "<group>"; };
		AB6757ED1C4EF15A0006EB9E /* Obihiro.framework */ = {isa = PBXFileReference; explicitFileType = wrapper.framework; includeInIndex = 0; path = Obihiro.framework; sourceTree = BUILT_PRODUCTS_DIR; };
		AB6757F01C4EF15A0006EB9E /* Obihiro.h */ = {isa = PBXFileReference; lastKnownFileType = sourcecode.c.h; path = Obihiro.h; sourceTree = "<group>"; };
		AB6757F21C4EF15A0006EB9E /* Info.plist */ = {isa = PBXFileReference; lastKnownFileType = text.plist.xml; path = Info.plist; sourceTree = "<group>"; };
		AB6757F71C4EF15B0006EB9E /* ObihiroTests.xctest */ = {isa = PBXFileReference; explicitFileType = wrapper.cfbundle; includeInIndex = 0; path = ObihiroTests.xctest; sourceTree = BUILT_PRODUCTS_DIR; };
		AB6757FC1C4EF15B0006EB9E /* ObihiroTests.m */ = {isa = PBXFileReference; lastKnownFileType = sourcecode.c.objc; path = ObihiroTests.m; sourceTree = "<group>"; };
		AB6757FE1C4EF15B0006EB9E /* Info.plist */ = {isa = PBXFileReference; lastKnownFileType = text.plist.xml; path = Info.plist; sourceTree = "<group>"; };
		AB6758071C4EF1690006EB9E /* OBHViewControllerObject.h */ = {isa = PBXFileReference; fileEncoding = 4; lastKnownFileType = sourcecode.c.h; path = OBHViewControllerObject.h; sourceTree = "<group>"; };
		AB6758081C4EF1690006EB9E /* OBHViewControllerObject.m */ = {isa = PBXFileReference; fileEncoding = 4; lastKnownFileType = sourcecode.c.objc; path = OBHViewControllerObject.m; sourceTree = "<group>"; };
		AB67580B1C4EF5DA0006EB9E /* UIViewController+OBH.h */ = {isa = PBXFileReference; fileEncoding = 4; lastKnownFileType = sourcecode.c.h; path = "UIViewController+OBH.h"; sourceTree = "<group>"; };
		AB67580C1C4EF5DA0006EB9E /* UIViewController+OBH.m */ = {isa = PBXFileReference; fileEncoding = 4; lastKnownFileType = sourcecode.c.objc; path = "UIViewController+OBH.m"; sourceTree = "<group>"; };
		AB67580F1C4EF8900006EB9E /* OBHViewControllerObjectRef.h */ = {isa = PBXFileReference; fileEncoding = 4; lastKnownFileType = sourcecode.c.h; path = OBHViewControllerObjectRef.h; sourceTree = "<group>"; };
		AB6758101C4EF8900006EB9E /* OBHViewControllerObjectRef.m */ = {isa = PBXFileReference; fileEncoding = 4; lastKnownFileType = sourcecode.c.objc; path = OBHViewControllerObjectRef.m; sourceTree = "<group>"; };
		AB6758141C4F00050006EB9E /* OBHNavigationControllerObject.h */ = {isa = PBXFileReference; fileEncoding = 4; lastKnownFileType = sourcecode.c.h; path = OBHNavigationControllerObject.h; sourceTree = "<group>"; };
		AB6758151C4F00050006EB9E /* OBHNavigationControllerObject.m */ = {isa = PBXFileReference; fileEncoding = 4; lastKnownFileType = sourcecode.c.objc; path = OBHNavigationControllerObject.m; sourceTree = "<group>"; };
		AB6758181C4F01C80006EB9E /* OBHViewControllerObject+Private.h */ = {isa = PBXFileReference; lastKnownFileType = sourcecode.c.h; path = "OBHViewControllerObject+Private.h"; sourceTree = "<group>"; };
		B2E62A1DF2F9C8D01F747887 /* libPods-Obihiro.a */ = {isa = PBXFileReference; explicitFileType = archive.ar; includeInIndex = 0; path = "libPods-Obihiro.a"; sourceTree = BUILT_PRODUCTS_DIR; };
/* End PBXFileReference section */

/* Begin PBXFrameworksBuildPhase section */
		AB6757E91C4EF15A0006EB9E /* Frameworks */ = {
			isa = PBXFrameworksBuildPhase;
			buildActionMask = 2147483647;
			files = (
				1BFFF77C450DCCDBC237C7B0 /* libPods-Obihiro.a in Frameworks */,
			);
			runOnlyForDeploymentPostprocessing = 0;
		};
		AB6757F41C4EF15B0006EB9E /* Frameworks */ = {
			isa = PBXFrameworksBuildPhase;
			buildActionMask = 2147483647;
			files = (
				AB6757F81C4EF15B0006EB9E /* Obihiro.framework in Frameworks */,
			);
			runOnlyForDeploymentPostprocessing = 0;
		};
/* End PBXFrameworksBuildPhase section */

/* Begin PBXGroup section */
		15C0C17DF0D565F982D249A1 /* Frameworks */ = {
			isa = PBXGroup;
			children = (
				B2E62A1DF2F9C8D01F747887 /* libPods-Obihiro.a */,
			);
			name = Frameworks;
			sourceTree = "<group>";
		};
		77935FD80B4F287EBCB7575E /* Pods */ = {
			isa = PBXGroup;
			children = (
				1995AAAC8310BE38323B79DA /* Pods-Obihiro.debug.xcconfig */,
				24137DE3943468A7C4732472 /* Pods-Obihiro.release.xcconfig */,
			);
			name = Pods;
			sourceTree = "<group>";
		};
		AB6757E31C4EF15A0006EB9E = {
			isa = PBXGroup;
			children = (
				AB6757EF1C4EF15A0006EB9E /* Obihiro */,
				AB6758131C4EFFD20006EB9E /* Example */,
				AB6757FB1C4EF15B0006EB9E /* ObihiroTests */,
				AB6757EE1C4EF15A0006EB9E /* Products */,
				77935FD80B4F287EBCB7575E /* Pods */,
				15C0C17DF0D565F982D249A1 /* Frameworks */,
			);
			sourceTree = "<group>";
		};
		AB6757EE1C4EF15A0006EB9E /* Products */ = {
			isa = PBXGroup;
			children = (
				AB6757ED1C4EF15A0006EB9E /* Obihiro.framework */,
				AB6757F71C4EF15B0006EB9E /* ObihiroTests.xctest */,
			);
			name = Products;
			sourceTree = "<group>";
		};
		AB6757EF1C4EF15A0006EB9E /* Obihiro */ = {
			isa = PBXGroup;
			children = (
				AB6757F21C4EF15A0006EB9E /* Info.plist */,
				AB6758141C4F00050006EB9E /* OBHNavigationControllerObject.h */,
				AB6758151C4F00050006EB9E /* OBHNavigationControllerObject.m */,
				AB6758071C4EF1690006EB9E /* OBHViewControllerObject.h */,
				AB6758081C4EF1690006EB9E /* OBHViewControllerObject.m */,
				AB6758181C4F01C80006EB9E /* OBHViewControllerObject+Private.h */,
				AB67580F1C4EF8900006EB9E /* OBHViewControllerObjectRef.h */,
				AB6758101C4EF8900006EB9E /* OBHViewControllerObjectRef.m */,
				AB6757F01C4EF15A0006EB9E /* Obihiro.h */,
				AB67580B1C4EF5DA0006EB9E /* UIViewController+OBH.h */,
				AB67580C1C4EF5DA0006EB9E /* UIViewController+OBH.m */,
			);
			path = Obihiro;
			sourceTree = "<group>";
		};
		AB6757FB1C4EF15B0006EB9E /* ObihiroTests */ = {
			isa = PBXGroup;
			children = (
				AB6757FC1C4EF15B0006EB9E /* ObihiroTests.m */,
				AB6757FE1C4EF15B0006EB9E /* Info.plist */,
			);
			path = ObihiroTests;
			sourceTree = "<group>";
		};
		AB6758131C4EFFD20006EB9E /* Example */ = {
			isa = PBXGroup;
			children = (
			);
			path = Example;
			sourceTree = "<group>";
		};
/* End PBXGroup section */

/* Begin PBXHeadersBuildPhase section */
		AB6757EA1C4EF15A0006EB9E /* Headers */ = {
			isa = PBXHeadersBuildPhase;
			buildActionMask = 2147483647;
			files = (
				AB6758091C4EF1690006EB9E /* OBHViewControllerObject.h in Headers */,
				AB67580D1C4EF5DA0006EB9E /* UIViewController+OBH.h in Headers */,
				AB6758111C4EF8900006EB9E /* OBHViewControllerObjectRef.h in Headers */,
				AB6757F11C4EF15A0006EB9E /* Obihiro.h in Headers */,
				AB6758191C4F01CC0006EB9E /* OBHViewControllerObject+Private.h in Headers */,
				AB6758161C4F00050006EB9E /* OBHNavigationControllerObject.h in Headers */,
			);
			runOnlyForDeploymentPostprocessing = 0;
		};
/* End PBXHeadersBuildPhase section */

/* Begin PBXNativeTarget section */
		AB6757EC1C4EF15A0006EB9E /* Obihiro */ = {
			isa = PBXNativeTarget;
			buildConfigurationList = AB6758011C4EF15B0006EB9E /* Build configuration list for PBXNativeTarget "Obihiro" */;
			buildPhases = (
				86442141E3C68939606DBD16 /* Check Pods Manifest.lock */,
				AB6757E81C4EF15A0006EB9E /* Sources */,
				AB6757E91C4EF15A0006EB9E /* Frameworks */,
				AB6757EA1C4EF15A0006EB9E /* Headers */,
				AB6757EB1C4EF15A0006EB9E /* Resources */,
				C4591AB296A637F43AD99287 /* Copy Pods Resources */,
			);
			buildRules = (
			);
			dependencies = (
			);
			name = Obihiro;
			productName = Obihiro;
			productReference = AB6757ED1C4EF15A0006EB9E /* Obihiro.framework */;
			productType = "com.apple.product-type.framework";
		};
		AB6757F61C4EF15B0006EB9E /* ObihiroTests */ = {
			isa = PBXNativeTarget;
			buildConfigurationList = AB6758041C4EF15B0006EB9E /* Build configuration list for PBXNativeTarget "ObihiroTests" */;
			buildPhases = (
				AB6757F31C4EF15B0006EB9E /* Sources */,
				AB6757F41C4EF15B0006EB9E /* Frameworks */,
				AB6757F51C4EF15B0006EB9E /* Resources */,
			);
			buildRules = (
			);
			dependencies = (
				AB6757FA1C4EF15B0006EB9E /* PBXTargetDependency */,
			);
			name = ObihiroTests;
			productName = ObihiroTests;
			productReference = AB6757F71C4EF15B0006EB9E /* ObihiroTests.xctest */;
			productType = "com.apple.product-type.bundle.unit-test";
		};
/* End PBXNativeTarget section */

/* Begin PBXProject section */
		AB6757E41C4EF15A0006EB9E /* Project object */ = {
			isa = PBXProject;
			attributes = {
				LastUpgradeCheck = 0720;
				ORGANIZATIONNAME = "Soutaro Matsumoto";
				TargetAttributes = {
					AB6757EC1C4EF15A0006EB9E = {
						CreatedOnToolsVersion = 7.2;
					};
					AB6757F61C4EF15B0006EB9E = {
						CreatedOnToolsVersion = 7.2;
					};
				};
			};
			buildConfigurationList = AB6757E71C4EF15A0006EB9E /* Build configuration list for PBXProject "Obihiro" */;
			compatibilityVersion = "Xcode 3.2";
			developmentRegion = English;
			hasScannedForEncodings = 0;
			knownRegions = (
				en,
			);
			mainGroup = AB6757E31C4EF15A0006EB9E;
			productRefGroup = AB6757EE1C4EF15A0006EB9E /* Products */;
			projectDirPath = "";
			projectRoot = "";
			targets = (
				AB6757EC1C4EF15A0006EB9E /* Obihiro */,
				AB6757F61C4EF15B0006EB9E /* ObihiroTests */,
			);
		};
/* End PBXProject section */

/* Begin PBXResourcesBuildPhase section */
		AB6757EB1C4EF15A0006EB9E /* Resources */ = {
			isa = PBXResourcesBuildPhase;
			buildActionMask = 2147483647;
			files = (
			);
			runOnlyForDeploymentPostprocessing = 0;
		};
		AB6757F51C4EF15B0006EB9E /* Resources */ = {
			isa = PBXResourcesBuildPhase;
			buildActionMask = 2147483647;
			files = (
			);
			runOnlyForDeploymentPostprocessing = 0;
		};
/* End PBXResourcesBuildPhase section */

/* Begin PBXShellScriptBuildPhase section */
		86442141E3C68939606DBD16 /* Check Pods Manifest.lock */ = {
			isa = PBXShellScriptBuildPhase;
			buildActionMask = 2147483647;
			files = (
			);
			inputPaths = (
			);
			name = "Check Pods Manifest.lock";
			outputPaths = (
			);
			runOnlyForDeploymentPostprocessing = 0;
			shellPath = /bin/sh;
			shellScript = "diff \"${PODS_ROOT}/../Podfile.lock\" \"${PODS_ROOT}/Manifest.lock\" > /dev/null\nif [[ $? != 0 ]] ; then\n    cat << EOM\nerror: The sandbox is not in sync with the Podfile.lock. Run 'pod install' or update your CocoaPods installation.\nEOM\n    exit 1\nfi\n";
			showEnvVarsInLog = 0;
		};
		C4591AB296A637F43AD99287 /* Copy Pods Resources */ = {
			isa = PBXShellScriptBuildPhase;
			buildActionMask = 2147483647;
			files = (
			);
			inputPaths = (
			);
			name = "Copy Pods Resources";
			outputPaths = (
			);
			runOnlyForDeploymentPostprocessing = 0;
			shellPath = /bin/sh;
			shellScript = "\"${SRCROOT}/Pods/Target Support Files/Pods-Obihiro/Pods-Obihiro-resources.sh\"\n";
			showEnvVarsInLog = 0;
		};
/* End PBXShellScriptBuildPhase section */

/* Begin PBXSourcesBuildPhase section */
		AB6757E81C4EF15A0006EB9E /* Sources */ = {
			isa = PBXSourcesBuildPhase;
			buildActionMask = 2147483647;
			files = (
				AB67580E1C4EF5DA0006EB9E /* UIViewController+OBH.m in Sources */,
				AB67580A1C4EF1690006EB9E /* OBHViewControllerObject.m in Sources */,
				AB6758171C4F00050006EB9E /* OBHNavigationControllerObject.m in Sources */,
				AB6758121C4EF8900006EB9E /* OBHViewControllerObjectRef.m in Sources */,
			);
			runOnlyForDeploymentPostprocessing = 0;
		};
		AB6757F31C4EF15B0006EB9E /* Sources */ = {
			isa = PBXSourcesBuildPhase;
			buildActionMask = 2147483647;
			files = (
				AB6757FD1C4EF15B0006EB9E /* ObihiroTests.m in Sources */,
			);
			runOnlyForDeploymentPostprocessing = 0;
		};
/* End PBXSourcesBuildPhase section */

/* Begin PBXTargetDependency section */
		AB6757FA1C4EF15B0006EB9E /* PBXTargetDependency */ = {
			isa = PBXTargetDependency;
			target = AB6757EC1C4EF15A0006EB9E /* Obihiro */;
			targetProxy = AB6757F91C4EF15B0006EB9E /* PBXContainerItemProxy */;
		};
/* End PBXTargetDependency section */

/* Begin XCBuildConfiguration section */
		AB6757FF1C4EF15B0006EB9E /* Debug */ = {
			isa = XCBuildConfiguration;
			buildSettings = {
				ALWAYS_SEARCH_USER_PATHS = NO;
				CLANG_CXX_LANGUAGE_STANDARD = "gnu++0x";
				CLANG_CXX_LIBRARY = "libc++";
				CLANG_ENABLE_MODULES = YES;
				CLANG_ENABLE_OBJC_ARC = YES;
				CLANG_WARN_BOOL_CONVERSION = YES;
				CLANG_WARN_CONSTANT_CONVERSION = YES;
				CLANG_WARN_DIRECT_OBJC_ISA_USAGE = YES_ERROR;
				CLANG_WARN_EMPTY_BODY = YES;
				CLANG_WARN_ENUM_CONVERSION = YES;
				CLANG_WARN_INT_CONVERSION = YES;
				CLANG_WARN_OBJC_ROOT_CLASS = YES_ERROR;
				CLANG_WARN_UNREACHABLE_CODE = YES;
				CLANG_WARN__DUPLICATE_METHOD_MATCH = YES;
				"CODE_SIGN_IDENTITY[sdk=iphoneos*]" = "iPhone Developer";
				COPY_PHASE_STRIP = NO;
				CURRENT_PROJECT_VERSION = 1;
				DEBUG_INFORMATION_FORMAT = dwarf;
				ENABLE_STRICT_OBJC_MSGSEND = YES;
				ENABLE_TESTABILITY = YES;
				GCC_C_LANGUAGE_STANDARD = gnu99;
				GCC_DYNAMIC_NO_PIC = NO;
				GCC_NO_COMMON_BLOCKS = YES;
				GCC_OPTIMIZATION_LEVEL = 0;
				GCC_PREPROCESSOR_DEFINITIONS = (
					"DEBUG=1",
					"$(inherited)",
				);
				GCC_WARN_64_TO_32_BIT_CONVERSION = YES;
				GCC_WARN_ABOUT_RETURN_TYPE = YES_ERROR;
				GCC_WARN_UNDECLARED_SELECTOR = YES;
				GCC_WARN_UNINITIALIZED_AUTOS = YES_AGGRESSIVE;
				GCC_WARN_UNUSED_FUNCTION = YES;
				GCC_WARN_UNUSED_VARIABLE = YES;
				IPHONEOS_DEPLOYMENT_TARGET = 9.2;
				MTL_ENABLE_DEBUG_INFO = YES;
				ONLY_ACTIVE_ARCH = YES;
				SDKROOT = iphoneos;
				TARGETED_DEVICE_FAMILY = "1,2";
				VERSIONING_SYSTEM = "apple-generic";
				VERSION_INFO_PREFIX = "";
			};
			name = Debug;
		};
		AB6758001C4EF15B0006EB9E /* Release */ = {
			isa = XCBuildConfiguration;
			buildSettings = {
				ALWAYS_SEARCH_USER_PATHS = NO;
				CLANG_CXX_LANGUAGE_STANDARD = "gnu++0x";
				CLANG_CXX_LIBRARY = "libc++";
				CLANG_ENABLE_MODULES = YES;
				CLANG_ENABLE_OBJC_ARC = YES;
				CLANG_WARN_BOOL_CONVERSION = YES;
				CLANG_WARN_CONSTANT_CONVERSION = YES;
				CLANG_WARN_DIRECT_OBJC_ISA_USAGE = YES_ERROR;
				CLANG_WARN_EMPTY_BODY = YES;
				CLANG_WARN_ENUM_CONVERSION = YES;
				CLANG_WARN_INT_CONVERSION = YES;
				CLANG_WARN_OBJC_ROOT_CLASS = YES_ERROR;
				CLANG_WARN_UNREACHABLE_CODE = YES;
				CLANG_WARN__DUPLICATE_METHOD_MATCH = YES;
				"CODE_SIGN_IDENTITY[sdk=iphoneos*]" = "iPhone Developer";
				COPY_PHASE_STRIP = NO;
				CURRENT_PROJECT_VERSION = 1;
				DEBUG_INFORMATION_FORMAT = "dwarf-with-dsym";
				ENABLE_NS_ASSERTIONS = NO;
				ENABLE_STRICT_OBJC_MSGSEND = YES;
				GCC_C_LANGUAGE_STANDARD = gnu99;
				GCC_NO_COMMON_BLOCKS = YES;
				GCC_WARN_64_TO_32_BIT_CONVERSION = YES;
				GCC_WARN_ABOUT_RETURN_TYPE = YES_ERROR;
				GCC_WARN_UNDECLARED_SELECTOR = YES;
				GCC_WARN_UNINITIALIZED_AUTOS = YES_AGGRESSIVE;
				GCC_WARN_UNUSED_FUNCTION = YES;
				GCC_WARN_UNUSED_VARIABLE = YES;
				IPHONEOS_DEPLOYMENT_TARGET = 9.2;
				MTL_ENABLE_DEBUG_INFO = NO;
				SDKROOT = iphoneos;
				TARGETED_DEVICE_FAMILY = "1,2";
				VALIDATE_PRODUCT = YES;
				VERSIONING_SYSTEM = "apple-generic";
				VERSION_INFO_PREFIX = "";
			};
			name = Release;
		};
		AB6758021C4EF15B0006EB9E /* Debug */ = {
			isa = XCBuildConfiguration;
			baseConfigurationReference = 1995AAAC8310BE38323B79DA /* Pods-Obihiro.debug.xcconfig */;
			buildSettings = {
				DEFINES_MODULE = YES;
				DYLIB_COMPATIBILITY_VERSION = 1;
				DYLIB_CURRENT_VERSION = 1;
				DYLIB_INSTALL_NAME_BASE = "@rpath";
				INFOPLIST_FILE = Obihiro/Info.plist;
				INSTALL_PATH = "$(LOCAL_LIBRARY_DIR)/Frameworks";
				LD_RUNPATH_SEARCH_PATHS = "$(inherited) @executable_path/Frameworks @loader_path/Frameworks";
				PRODUCT_BUNDLE_IDENTIFIER = com.soutaro.Obihiro;
				PRODUCT_NAME = "$(TARGET_NAME)";
				SKIP_INSTALL = YES;
			};
			name = Debug;
		};
		AB6758031C4EF15B0006EB9E /* Release */ = {
			isa = XCBuildConfiguration;
			baseConfigurationReference = 24137DE3943468A7C4732472 /* Pods-Obihiro.release.xcconfig */;
			buildSettings = {
				DEFINES_MODULE = YES;
				DYLIB_COMPATIBILITY_VERSION = 1;
				DYLIB_CURRENT_VERSION = 1;
				DYLIB_INSTALL_NAME_BASE = "@rpath";
				INFOPLIST_FILE = Obihiro/Info.plist;
				INSTALL_PATH = "$(LOCAL_LIBRARY_DIR)/Frameworks";
				LD_RUNPATH_SEARCH_PATHS = "$(inherited) @executable_path/Frameworks @loader_path/Frameworks";
				PRODUCT_BUNDLE_IDENTIFIER = com.soutaro.Obihiro;
				PRODUCT_NAME = "$(TARGET_NAME)";
				SKIP_INSTALL = YES;
			};
			name = Release;
		};
		AB6758051C4EF15B0006EB9E /* Debug */ = {
			isa = XCBuildConfiguration;
			buildSettings = {
				INFOPLIST_FILE = ObihiroTests/Info.plist;
				LD_RUNPATH_SEARCH_PATHS = "$(inherited) @executable_path/Frameworks @loader_path/Frameworks";
				PRODUCT_BUNDLE_IDENTIFIER = com.soutaro.ObihiroTests;
				PRODUCT_NAME = "$(TARGET_NAME)";
			};
			name = Debug;
		};
		AB6758061C4EF15B0006EB9E /* Release */ = {
			isa = XCBuildConfiguration;
			buildSettings = {
				INFOPLIST_FILE = ObihiroTests/Info.plist;
				LD_RUNPATH_SEARCH_PATHS = "$(inherited) @executable_path/Frameworks @loader_path/Frameworks";
				PRODUCT_BUNDLE_IDENTIFIER = com.soutaro.ObihiroTests;
				PRODUCT_NAME = "$(TARGET_NAME)";
			};
			name = Release;
		};
/* End XCBuildConfiguration section */

/* Begin XCConfigurationList section */
		AB6757E71C4EF15A0006EB9E /* Build configuration list for PBXProject "Obihiro" */ = {
			isa = XCConfigurationList;
			buildConfigurations = (
				AB6757FF1C4EF15B0006EB9E /* Debug */,
				AB6758001C4EF15B0006EB9E /* Release */,
			);
			defaultConfigurationIsVisible = 0;
			defaultConfigurationName = Release;
		};
		AB6758011C4EF15B0006EB9E /* Build configuration list for PBXNativeTarget "Obihiro" */ = {
			isa = XCConfigurationList;
			buildConfigurations = (
				AB6758021C4EF15B0006EB9E /* Debug */,
				AB6758031C4EF15B0006EB9E /* Release */,
			);
			defaultConfigurationIsVisible = 0;
			defaultConfigurationName = Release;
		};
		AB6758041C4EF15B0006EB9E /* Build configuration list for PBXNativeTarget "ObihiroTests" */ = {
			isa = XCConfigurationList;
			buildConfigurations = (
				AB6758051C4EF15B0006EB9E /* Debug */,
				AB6758061C4EF15B0006EB9E /* Release */,
			);
			defaultConfigurationIsVisible = 0;
			defaultConfigurationName = Release;
		};
/* End XCConfigurationList section */
	};
	rootObject = AB6757E41C4EF15A0006EB9E /* Project object */;
}
